github.com/fatih/color v1.18.0 h1:S8gINlzdQ840/4pfAwic/ZE0djQEH3wM94VfqLTZcOM=
github.com/fatih/color v1.18.0/go.mod h1:4FelSpRwEGDpQ12mAdzqdOukCy4u8WUtOY6lkT/6HfU=
github.com/fatih/color v1.19.0 h1:Zp3PiM21/9Ld6FzSKyL5c/BULoe/ONr9KlbYVOfG8+w=
github.com/fatih/color v1.19.0/go.mod h1:zNk67I0ZUT1bEGsSGyCZYZNrHuTkJJB+r6Q9VuMi0LE=
github.com/fbaube/ctoken v0.0.0-20251106121702-333021124221 h1:7c4QGJmjCuUSaLUjlLPq15TRxz16832sH9+Mjxcs9lE=
github.com/fbaube/ctoken v0.0.0-20251106121702-333021124221/go.mod h1:xoci0RjipFQZ+DSVQwyaDlXDNmzrbCPJaePltp2JP7g=
github.com/fbaube/dsmnd v0.0.0-20250421183122-a8998ca05628 h1:lpDjqXN41mxdI5zZkDuedorU4ZmgjwpmCcT3G3TjIXc=
github.com/fbaube/dsmnd v0.0.0-20250421183122-a8998ca05628/go.mod h1:YVvG9X9nrUoOtk9DEkyyk6/0vdfNcDYHNWgBwGHbcUE=
github.com/fbaube/fileutils v0.0.0-20251130113018-ca967415a31e h1:SF1p3Jqf+hRdYOFUj2eJVbJY5g9RAre4mEAsbjH1DsY=
github.com/fbaube/fileutils v0.0.0-20251130113018-ca967415a31e/go.mod h1:eojuX+ViHcD+c8LRlQ+vFAe7pkY9SgXHUV1W+wUc1lk=
github.com/fbaube/humanbytes v0.0.0-20250119091546-d58fbfdd444c h1:k6VDhhlL+FI8nrBAwQDoXyPEKN+MuOtSMaDJfzwnA7E=
github.com/fbaube/humanbytes v0.0.0-20250119091546-d58fbfdd444c/go.mod h1:WUS3tn4t+FViNsl4VOqYiV51cJNIIeMjLI9fOfm+Ug8=
github.com/fbaube/logutils v0.0.0-20250316184850-0569e5bc6b6d h1:hH8uBNU6Vasxh9Pf3bzNdA+JFAtckHavpQf+kpmvHC8=
github.com/fbaube/logutils v0.0.0-20250316184850-0569e5bc6b6d/go.mod h1:Ulyk3vIjQ5L/NqJ9wmTMawBjqzAOvCs1jxF5iV3tS1w=
github.com/fbaube/miscutils v0.0.0-20250126181629-6a2fa9af43b7 h1:7EDgdU9hotwYEf5Bx7w4I6SNm/rwOx88siLiD0o+xl8=
github.com/fbaube/miscutils v0.0.0-20250126181629-6a2fa9af43b7/go.mod h1:v32q0zwZh3Ft6WFuIdeLPwPgOAIy5h0AAPoJRi9DF6k=
github.com/fbaube/mlog v0.0.0-20240425064535-3b89e3b28a76 h1:C1SjY+GWMR1smUZqspWm52AYfDq30fIjRzmy+ar+a8M=
github.com/fbaube/mlog v0.0.0-20240425064535-3b89e3b28a76/go.mod h1:kmnrjIOIydIQG0XoPcMoQ9XYJmVTt9fOByMvkDiDBTo=
github.com/fbaube/stringutils v0.0.0-20251125151320-5e1c5dd007a1 h1:y7TPFJxNVjSdo94NfeArKG9cMOE+2Dw8McrW2aWMKZA=
github.com/fbaube/stringutils v0.0.0-20251125151320-5e1c5dd007a1/go.mod h1:prND58zPOTp1HSQ59bQl4w239JV0KNPYQZnNDRu5gjk=
github.com/fbaube/stringutils v0.0.0-20251201154235-ad2e563d9cda h1:uQfCIFb1v20byONoe7iWNqVOu6tuDmOLZDtTghjP7YI=
github.com/fbaube/stringutils v0.0.0-20251201154235-ad2e563d9cda/go.mod h1:prND58zPOTp1HSQ59bQl4w239JV0KNPYQZnNDRu5gjk=
github.com/fbaube/wasmutils v0.0.0-20251129222829-80044fd986ff h1:HzGot5LeI+ls9FEXSoGEKF8YnJ+ajVFvgysHI+zPoP0=
github.com/fbaube/wasmutils v0.0.0-20251129222829-80044fd986ff/go.mod h1:0toxIvnxI8IGqg8bRnvbHiVCWlplqXAlrbGNrmCgtMA=
github.com/mattn/go-colorable v0.1.14 h1:9A9LHSqF/7dyVVX6g0U9cwm9pG3kP9gSzcuIPHPsaIE=
github.com/mattn/go-colorable v0.1.14/go.mod h1:6LmQG8QLFO4G5z1gPvYEzlUgJ2wF+stgPZH1UqBm1s8=
github.com/mattn/go-isatty v0.0.20 h1:xfD0iDuEKnDkl03q4limB+vH+GxLEtL/jb4xVJSWWEY=
github.com/mattn/go-isatty v0.0.20/go.mod h1:W+V8PltTTMOvKvAeJH7IuucS94S2C6jfK/D7dTCTo3Y=
github.com/mattn/go-isatty v0.0.21 h1:xYae+lCNBP7QuW4PUnNG61ffM4hVIfm+zUzDuSzYLGs=
github.com/mattn/go-isatty v0.0.21/go.mod h1:ZXfXG4SQHsB/w3ZeOYbR0PrPwLy+n6xiMrJlRFqopa4=
github.com/mgutz/str v1.2.0 h1:4IzWSdIz9qPQWLfKZ0rJcV0jcUDpxvP4JVZ4GXQyvSw=
github.com/mgutz/str v1.2.0/go.mod h1:w1v0ofgLaJdoD0HpQ3fycxKD1WtxpjSo151pK/31q6w=
github.com/nbio/xml v0.0.0-20251125030431-7a0f0bfe9935 h1:hYOyqpDSJ3t4kCFJ7lawY2Z19v+wkuEZYceTu9Rrkn4=
github.com/nbio/xml v0.0.0-20251125030431-7a0f0bfe9935/go.mod h1:990JnYmJZFrx1vI1TALoD6/fCqnWlTx2FrPbYy2wi5I=
github.com/nbio/xml v0.0.0-20260302224236-9f64bb3b5a9e h1:OMgr90nBmSVKJNpeowtWtslirStf06ym4oipqYQo7xE=
github.com/nbio/xml v0.0.0-20260302224236-9f64bb3b5a9e/go.mod h1:990JnYmJZFrx1vI1TALoD6/fCqnWlTx2FrPbYy2wi5I=
golang.org/x/exp v0.0.0-20251125195548-87e1e737ad39 h1:DHNhtq3sNNzrvduZZIiFyXWOL9IWaDPHqTnLJp+rCBY=
golang.org/x/exp v0.0.0-20251125195548-87e1e737ad39/go.mod h1:46edojNIoXTNOhySWIWdix628clX9ODXwPsQuG6hsK0=
golang.org/x/exp v0.0.0-20260410095643-746e56fc9e2f h1:W3F4c+6OLc6H2lb//N1q4WpJkhzJCK5J6kUi1NTVXfM=
golang.org/x/exp v0.0.0-20260410095643-746e56fc9e2f/go.mod h1:J1xhfL/vlindoeF/aINzNzt2Bket5bjo9sdOYzOsU80=
golang.org/x/sys v0.6.0/go.mod h1:oPkhp1MJrh7nUepCBck5+mAzfO9JrbApNNgaTdGDITg=
golang.org/x/sys v0.38.0 h1:3yZWxaJjBmCWXqhN1qh02AkOnCQ1poK6oF+a7xWL6Gc=
golang.org/x/sys v0.38.0/go.mod h1:OgkHotnGiDImocRcuBABYBEXf8A9a87e/uXjp9XT3ks=
golang.org/x/sys v0.43.0 h1:Rlag2XtaFTxp19wS8MXlJwTvoh8ArU6ezoyFsMyCTNI=
golang.org/x/sys v0.43.0/go.mod h1:4GL1E5IUh+htKOUEOaiffhrAeqysfVGipDYzABqnCmw=
gopkg.in/check.v1 v0.0.0-20161208181325-20d25e280405 h1:yhCVgyC4o1eVCa2tZl7eS0r+SDo693bJlVdllGtEeKM=
gopkg.in/check.v1 v0.0.0-20161208181325-20d25e280405/go.mod h1:Co6ibVJAznAaIkqp8huTwlJQCZ016jof/cbN4VW5Yz0=
gopkg.in/yaml.v2 v2.4.0 h1:D8xgwECY7CYvx+Y2n4sBz93Jn9JRvxdiyyo8CTfuKaY=
gopkg.in/yaml.v2 v2.4.0/go.mod h1:RDklbk79AGWmwhnvt/jBztapEOGDOx6ZbXqjP6csGnQ=
